
Microsoft Visual Studio Solution File, Format Version 12.00
# Visual Studio Version 16
VisualStudioVersion = 16.0.30204.135
MinimumVisualStudioVersion = 10.0.40219.1
Project("{FAE04EC0-301F-11D3-BF4B-00C04F79EFBC}") = "DanskeWebApp", "DanskeWebApp\DanskeWebApp.csproj", "{8250D20F-2C52-4B2B-A5F9-C1D3EE24F4C9}"
EndProject
Global
	GlobalSection(SolutionConfigurationPlatforms) = preSolution
		Debug|Any CPU = Debug|Any CPU
		Release|Any CPU = Release|Any CPU
	EndGlobalSection
	GlobalSection(ProjectConfigurationPlatforms) = postSolution
		{8250D20F-2C52-4B2B-A5F9-C1D3EE24F4C9}.Debug|Any CPU.ActiveCfg = Debug|Any CPU
		{8250D20F-2C52-4B2B-A5F9-C1D3EE24F4C9}.Debug|Any CPU.Build.0 = Debug|Any CPU
		{8250D20F-2C52-4B2B-A5F9-C1D3EE24F4C9}.Release|Any CPU.ActiveCfg = Release|Any CPU
		{8250D20F-2C52-4B2B-A5F9-C1D3EE24F4C9}.Release|Any CPU.Build.0 = Release|Any CPU
	EndGlobalSection
	GlobalSection(SolutionProperties) = preSolution
		HideSolutionNode = FALSE
	EndGlobalSection
	GlobalSection(ExtensibilityGlobals) = postSolution
		SolutionGuid = {3E48181D-B77B-446E-8B16-9BA225A58A7B}
	EndGlobalSection
EndGlobal
